
Microsoft Visual Studio Solution File, Format Version 12.00
# Visual Studio Version 16
VisualStudioVersion = 16.0.30225.117
MinimumVisualStudioVersion = 10.0.40219.1
Project("{FAE04EC0-301F-11D3-BF4B-00C04F79EFBC}") = "ClinicWebApi", "ClinicWebApi\ClinicWebApi.csproj", "{74F209C1-358E-4558-9B28-629EDAA282FF}"
EndProject
Global
	GlobalSection(SolutionConfigurationPlatforms) = preSolution
		Debug|Any CPU = Debug|Any CPU
		Release|Any CPU = Release|Any CPU
	EndGlobalSection
	GlobalSection(ProjectConfigurationPlatforms) = postSolution
		{74F209C1-358E-4558-9B28-629EDAA282FF}.Debug|Any CPU.ActiveCfg = Debug|Any CPU
		{74F209C1-358E-4558-9B28-629EDAA282FF}.Debug|Any CPU.Build.0 = Debug|Any CPU
		{74F209C1-358E-4558-9B28-629EDAA282FF}.Release|Any CPU.ActiveCfg = Release|Any CPU
		{74F209C1-358E-4558-9B28-629EDAA282FF}.Release|Any CPU.Build.0 = Release|Any CPU
	EndGlobalSection
	GlobalSection(SolutionProperties) = preSolution
		HideSolutionNode = FALSE
	EndGlobalSection
	GlobalSection(ExtensibilityGlobals) = postSolution
		SolutionGuid = {FD77E688-3123-4D98-A97F-21C19142AC43}
	EndGlobalSection
EndGlobal
